
Microsoft Visual Studio Solution File, Format Version 12.00
# Visual Studio Version 16
VisualStudioVersion = 16.0.31112.23
MinimumVisualStudioVersion = 10.0.40219.1
Project("{9A19103F-16F7-4668-BE54-9A1E7A4F7556}") = "Core_R47", "Core_R47\Core_R47.csproj", "{3067AB53-4E9E-4B3F-B517-947814E1B1DE}"
EndProject
Global
	GlobalSection(SolutionConfigurationPlatforms) = preSolution
		Debug|Any CPU = Debug|Any CPU
		Release|Any CPU = Release|Any CPU
	EndGlobalSection
	GlobalSection(ProjectConfigurationPlatforms) = postSolution
		{3067AB53-4E9E-4B3F-B517-947814E1B1DE}.Debug|Any CPU.ActiveCfg = Debug|Any CPU
		{3067AB53-4E9E-4B3F-B517-947814E1B1DE}.Debug|Any CPU.Build.0 = Debug|Any CPU
		{3067AB53-4E9E-4B3F-B517-947814E1B1DE}.Release|Any CPU.ActiveCfg = Release|Any CPU
		{3067AB53-4E9E-4B3F-B517-947814E1B1DE}.Release|Any CPU.Build.0 = Release|Any CPU
	EndGlobalSection
	GlobalSection(SolutionProperties) = preSolution
		HideSolutionNode = FALSE
	EndGlobalSection
	GlobalSection(ExtensibilityGlobals) = postSolution
		SolutionGuid = {F1CEE241-FAF8-419E-ABCF-58CED6DA23AE}
	EndGlobalSection
EndGlobal
